{
  "projects": [
    {
      "projectId": "jkU633o1Cz7HrJdwdxhVHk",
      "version": "16.7.0",
      "dependencies": {},
      "lang": "js",
      "fileLocks": [
        {
          "assetId": "jkU633o1Cz7HrJdwdxhVHk",
          "type": "projectCss",
          "checksum": "0581d4378bb1604bb5fe3f65bb0a37de"
        }
      ],
      "codegenVersion": "0.0.1"
    },
    {
      "projectId": "ohDidvG9XsCeFumugENU3J",
      "version": "6.20.0",
      "dependencies": {},
      "lang": "js",
      "fileLocks": [
        {
          "assetId": "ohDidvG9XsCeFumugENU3J",
          "type": "projectCss",
          "checksum": "fd83b730367fdbde2c69bc6cf31c2a3c"
        },
        {
          "assetId": "ohDidvG9XsCeFumugENU3J",
          "checksum": "de0a0e65174a6a185a8f822af51c6bdd",
          "type": "globalContexts"
        }
      ],
      "codegenVersion": "0.0.1"
    },
    {
      "projectId": "7nJ7UcFmq9UzB6eXfC5z4a",
      "version": "0.26.0",
      "dependencies": {},
      "lang": "js",
      "fileLocks": [
        {
          "assetId": "7nJ7UcFmq9UzB6eXfC5z4a",
          "type": "projectCss",
          "checksum": "05587b57f22f0ec8bb54543deb39762e"
        }
      ],
      "codegenVersion": "0.0.1"
    },
    {
      "projectId": "jLAKfZafnfzEvtQB4DYUAe",
      "version": "latest",
      "dependencies": {
        "7nJ7UcFmq9UzB6eXfC5z4a": "0.26.0",
        "ohDidvG9XsCeFumugENU3J": "6.20.0",
        "jkU633o1Cz7HrJdwdxhVHk": "16.7.0"
      },
      "lang": "js",
      "fileLocks": [
        {
          "type": "globalVariant",
          "assetId": "a5g59frFLPM9",
          "checksum": "e65e30c50e40dc8942aa927b13f7a591"
        },
        {
          "type": "renderModule",
          "assetId": "WpgwKwM0a4FF",
          "checksum": "9c56010c1ea1ed71858ac3b0ab73eb12"
        },
        {
          "type": "cssRules",
          "assetId": "WpgwKwM0a4FF",
          "checksum": "9c56010c1ea1ed71858ac3b0ab73eb12"
        },
        {
          "type": "renderModule",
          "assetId": "gVGVMBx2x42k",
          "checksum": "d0386982290f32ec45bf46a3aa358f18"
        },
        {
          "type": "cssRules",
          "assetId": "gVGVMBx2x42k",
          "checksum": "d0386982290f32ec45bf46a3aa358f18"
        },
        {
          "type": "renderModule",
          "assetId": "Z2neU2nUq1Gm",
          "checksum": "3cac9d195a058e2faa8aa2c904113c3a"
        },
        {
          "type": "cssRules",
          "assetId": "Z2neU2nUq1Gm",
          "checksum": "3cac9d195a058e2faa8aa2c904113c3a"
        },
        {
          "type": "renderModule",
          "assetId": "1njYuUl2Bkl4",
          "checksum": "a2812024db4be6543c825c76a8ad2945"
        },
        {
          "type": "cssRules",
          "assetId": "1njYuUl2Bkl4",
          "checksum": "a2812024db4be6543c825c76a8ad2945"
        },
        {
          "type": "renderModule",
          "assetId": "iX_hwLn2J9ZA",
          "checksum": "56e50bb80936b5c1ba322eb31736c99e"
        },
        {
          "type": "cssRules",
          "assetId": "iX_hwLn2J9ZA",
          "checksum": "56e50bb80936b5c1ba322eb31736c99e"
        },
        {
          "type": "renderModule",
          "assetId": "1aQGdZ1qNHpm",
          "checksum": "135cac49d48fffb61c216812227a45c8"
        },
        {
          "type": "cssRules",
          "assetId": "1aQGdZ1qNHpm",
          "checksum": "135cac49d48fffb61c216812227a45c8"
        },
        {
          "type": "renderModule",
          "assetId": "hZLwAgKsGXbw",
          "checksum": "a6f61bea401b99132d786f67b2d80d01"
        },
        {
          "type": "cssRules",
          "assetId": "hZLwAgKsGXbw",
          "checksum": "a6f61bea401b99132d786f67b2d80d01"
        },
        {
          "type": "renderModule",
          "assetId": "mu2L8yYGzL8-",
          "checksum": "3a95c26a132fc413b6d3373b29d2e54f"
        },
        {
          "type": "cssRules",
          "assetId": "mu2L8yYGzL8-",
          "checksum": "3a95c26a132fc413b6d3373b29d2e54f"
        },
        {
          "type": "icon",
          "assetId": "BfHthm4w6k6-",
          "checksum": "3c536fbb7e4a6362d2f84f9ecb508e69"
        },
        {
          "type": "icon",
          "assetId": "CvIWnVVvDdfs",
          "checksum": "b26d53d5ec2095319a9bfa5f49cc7280"
        },
        {
          "type": "icon",
          "assetId": "LsAEZXbbm3PS",
          "checksum": "1eba1579774a657ef684874599f6c8f5"
        },
        {
          "type": "icon",
          "assetId": "49ptUx2GSMre",
          "checksum": "f43c1aed30e7c72b1bca18ce624129d3"
        },
        {
          "type": "icon",
          "assetId": "JJu-Y6RBDvZ6",
          "checksum": "2fe35a363a67db982ea3c27893d8ec92"
        },
        {
          "type": "icon",
          "assetId": "yXVfo5Ix7I8m",
          "checksum": "dc999955126ced50b27216d5760ee540"
        },
        {
          "type": "icon",
          "assetId": "coBr4qI6Exwk",
          "checksum": "490921b9690c9e4875345d25c308da0b"
        },
        {
          "type": "icon",
          "assetId": "Fb3JLvru_IRv",
          "checksum": "7e397dae2d9418e37e939e35cd213959"
        },
        {
          "type": "icon",
          "assetId": "ubqOACQ85DMe",
          "checksum": "3ee376b8aa1ef9d7b790bbd5449f492f"
        },
        {
          "type": "icon",
          "assetId": "AZR4YB8UrZHT",
          "checksum": "a79a2fb613b7bfa771c00ebb239c1eb7"
        },
        {
          "type": "icon",
          "assetId": "TnOWnr5N3RST",
          "checksum": "c3ced200f4e5e76263c4adf9d1f58b95"
        },
        {
          "type": "icon",
          "assetId": "BeXoQCKWXq48",
          "checksum": "ccbf5163a6f3013f65f218f14734e2e9"
        },
        {
          "type": "icon",
          "assetId": "NawWQgBxau5k",
          "checksum": "75f638b3fcf4ada0a53f40a20fb0c54c"
        },
        {
          "type": "icon",
          "assetId": "Q0DN3XpTdhxZ",
          "checksum": "f424ae3be3996c41d38dc460268307b1"
        },
        {
          "type": "image",
          "assetId": "Kc2IBCENpXLv",
          "checksum": "0098b76a0e22584ce1c4d7302c895057"
        },
        {
          "type": "image",
          "assetId": "BRplIj3hCgLl",
          "checksum": "8e682f67871490551b4f230b6015ea41"
        },
        {
          "type": "image",
          "assetId": "NaFLhtOh65ag",
          "checksum": "6c55b90bd6bf8875db6df31612186f64"
        },
        {
          "type": "image",
          "assetId": "df9N2nOpnYIG",
          "checksum": "c715e9c5f2fb1b4024417d783882674d"
        },
        {
          "type": "image",
          "assetId": "klCTGEQDnSzY",
          "checksum": "034dfa27693c7cc77c66417c25d56dd9"
        },
        {
          "type": "image",
          "assetId": "nOcNHTX42pD6",
          "checksum": "65a429aa1930c473a333558e342d3d22"
        },
        {
          "type": "image",
          "assetId": "3QNIQlMcPkkF",
          "checksum": "153b56764eb48316f2c2afa87246b427"
        },
        {
          "type": "image",
          "assetId": "CobVafZDLuG3",
          "checksum": "fa5bd9eba9d491e7a5b590233b27061b"
        },
        {
          "type": "image",
          "assetId": "ShjWnTN3kIK0",
          "checksum": "4b11757797544b84151a48153a15ff8a"
        },
        {
          "type": "image",
          "assetId": "guRcc5Qr1-Kp",
          "checksum": "45c4fe0311177a2cab87f18a486e4f22"
        },
        {
          "type": "image",
          "assetId": "mhuQjphXFDIJ",
          "checksum": "2c476f6b1bc3206d2c1e5bc0d7eee80c"
        },
        {
          "type": "image",
          "assetId": "X_tm80nd5DsJ",
          "checksum": "3dbee64f5ed83f08eda4c2fbe3767fc4"
        },
        {
          "type": "image",
          "assetId": "YtekjRqoHnvY",
          "checksum": "7f46f8fa5b028646d3c983bce1323367"
        },
        {
          "type": "image",
          "assetId": "QLOeqFK8Nnw7",
          "checksum": "bf9cb9c25ee49f349dbed71078c8b179"
        },
        {
          "type": "image",
          "assetId": "pB514osSLyHX",
          "checksum": "22c918857f884379489b2764daf7ea0d"
        },
        {
          "type": "image",
          "assetId": "Y-qTqFEQUI6U",
          "checksum": "9f667442b27a31c77e41eb6fc90a545f"
        },
        {
          "type": "image",
          "assetId": "LYf9WHe2gIJX",
          "checksum": "febcc2c3fc2e427ef63a093c246e84cb"
        },
        {
          "type": "image",
          "assetId": "O1y09w2j47A2",
          "checksum": "e355a124a96065f3dcd8cc95432b188e"
        },
        {
          "type": "image",
          "assetId": "TZnojLlMBJFB",
          "checksum": "d80457ef6a8d89719c0c72a836762b22"
        },
        {
          "type": "image",
          "assetId": "__rHoOSPRaso",
          "checksum": "6a3426ba0e7e7bcefd53f1c5377a1afb"
        },
        {
          "type": "image",
          "assetId": "NlGQEKFEKDkW",
          "checksum": "4d53fafa4734c83cf9358594161f4fa3"
        },
        {
          "type": "image",
          "assetId": "ogKKx8Iky9ZX",
          "checksum": "9ed861b494162779ed68a39968b3e1a0"
        },
        {
          "type": "image",
          "assetId": "mmGy47_zIw9g",
          "checksum": "dacdaa2dc2641b2589cfb95ab86422d5"
        },
        {
          "type": "image",
          "assetId": "nLJpUYeRskWO",
          "checksum": "a4ad8290b45551f223374189ceebc909"
        },
        {
          "type": "image",
          "assetId": "_QkP1rmF3jSu",
          "checksum": "328d5b98cb54087eac0949b1a90fa800"
        },
        {
          "type": "image",
          "assetId": "cPKTYpAU5crC",
          "checksum": "bf71697ba7e4cca70089a15986d5f622"
        },
        {
          "type": "image",
          "assetId": "CgAiptzVNYGN",
          "checksum": "1b424706757a9af239f2f15853442bf8"
        },
        {
          "type": "image",
          "assetId": "stCZ851k0kX6",
          "checksum": "3e4200ca1c77b1b38483ac2cbc679b3d"
        },
        {
          "type": "image",
          "assetId": "yE1FaGURwAqR",
          "checksum": "253b5ec4764a8177d23f9b96447e2093"
        },
        {
          "type": "image",
          "assetId": "TVpxeyU2U_pX",
          "checksum": "4f9d58b9f2d2ff6e7910c551af1ccc55"
        },
        {
          "type": "image",
          "assetId": "VooQL_jomiYd",
          "checksum": "52d5cebb513f61960054e33eb19071a3"
        },
        {
          "type": "image",
          "assetId": "D5XrLUgAJRGP",
          "checksum": "4bc636277a3de60594d7992757e4e218"
        },
        {
          "type": "image",
          "assetId": "HvE2LC-mUHMs",
          "checksum": "7e2f913c024950a4d73b9d8740250889"
        },
        {
          "type": "image",
          "assetId": "oL6ew7CdkSxy",
          "checksum": "1c16f80f4b757f435d076afa13e45a96"
        },
        {
          "type": "image",
          "assetId": "twZjpD2GsiaV",
          "checksum": "0280d7d87235c66455dfbe0fc7ad4268"
        },
        {
          "type": "image",
          "assetId": "RtK6g46Imr6o",
          "checksum": "bfdfed9e673b7dd54756cb1f5142bfa1"
        },
        {
          "type": "image",
          "assetId": "Jqk5iupQzwCO",
          "checksum": "b71c6f3f344addfa5eb782d782b87796"
        },
        {
          "type": "image",
          "assetId": "fG_wkh4FGHVl",
          "checksum": "a8797b169a46bf846a59fca831a2f5b7"
        },
        {
          "type": "image",
          "assetId": "NHkSxCjzvc5N",
          "checksum": "693e67bb42ec552664389781bdfd6203"
        },
        {
          "type": "image",
          "assetId": "RBvuQQ3uWze7",
          "checksum": "c5e776dc31b9da97ff915fe9d40afde9"
        },
        {
          "type": "image",
          "assetId": "FDH4KQA-77LD",
          "checksum": "7f5c12794aea607599dfbe573ffd401b"
        },
        {
          "type": "image",
          "assetId": "ssXR0SjgHW0h",
          "checksum": "9d00975ddc58d7dbeafbfcd5cc21beae"
        },
        {
          "type": "image",
          "assetId": "uuOzgubCN3fV",
          "checksum": "3f74d54ca1ade7934970c8a98f13500f"
        },
        {
          "type": "image",
          "assetId": "GN3DPcMFC7vh",
          "checksum": "ebd009265f81d15f9140de11b8687047"
        },
        {
          "type": "globalVariant",
          "assetId": "uM13GKcxjf8r",
          "checksum": "e94738d20c9ba89725db6276c725852d"
        },
        {
          "assetId": "jLAKfZafnfzEvtQB4DYUAe",
          "type": "projectCss",
          "checksum": "d94ca8d395c5953fe0725b3815bd32cc"
        },
        {
          "assetId": "jLAKfZafnfzEvtQB4DYUAe",
          "checksum": "ab60be304594284471abe90cd2bbd2fd",
          "type": "globalContexts"
        },
        {
          "assetId": "jLAKfZafnfzEvtQB4DYUAe",
          "checksum": "d41c75b18c2e3e4487125b2f23b57d51",
          "type": "splitsProvider"
        },
        {
          "type": "renderModule",
          "assetId": "nq-quF8Co0SL",
          "checksum": "4e08163398b76b6943571c11d71d606e"
        },
        {
          "type": "cssRules",
          "assetId": "nq-quF8Co0SL",
          "checksum": "4e08163398b76b6943571c11d71d606e"
        },
        {
          "type": "renderModule",
          "assetId": "d9Iip2UzyhaR",
          "checksum": "e7343a29da2b80a61f63069de47bbf20"
        },
        {
          "type": "cssRules",
          "assetId": "d9Iip2UzyhaR",
          "checksum": "e7343a29da2b80a61f63069de47bbf20"
        },
        {
          "type": "renderModule",
          "assetId": "K96P0czE0XrY",
          "checksum": "5b8a3b3081061dfcac21ca66faf30a1d"
        },
        {
          "type": "cssRules",
          "assetId": "K96P0czE0XrY",
          "checksum": "5b8a3b3081061dfcac21ca66faf30a1d"
        },
        {
          "type": "renderModule",
          "assetId": "uouycbbtec1U",
          "checksum": "e3448399350e518115683b2982bd5f17"
        },
        {
          "type": "cssRules",
          "assetId": "uouycbbtec1U",
          "checksum": "e3448399350e518115683b2982bd5f17"
        },
        {
          "type": "renderModule",
          "assetId": "IDgefGi3LA0o",
          "checksum": "858356db826784e685b821a79af2f5cc"
        },
        {
          "type": "cssRules",
          "assetId": "IDgefGi3LA0o",
          "checksum": "858356db826784e685b821a79af2f5cc"
        },
        {
          "type": "renderModule",
          "assetId": "B0VN3LlCPiMd",
          "checksum": "ba80155ae254eebb8a6ed94cb9554c7c"
        },
        {
          "type": "cssRules",
          "assetId": "B0VN3LlCPiMd",
          "checksum": "ba80155ae254eebb8a6ed94cb9554c7c"
        },
        {
          "type": "renderModule",
          "assetId": "LAhUBBHpbeZo",
          "checksum": "59750fe7891c011e2deef2f5a92a792e"
        },
        {
          "type": "cssRules",
          "assetId": "LAhUBBHpbeZo",
          "checksum": "59750fe7891c011e2deef2f5a92a792e"
        },
        {
          "type": "renderModule",
          "assetId": "ooG4i9ASaJV_",
          "checksum": "d4b5d942d365ae7dcff35dc14e535781"
        },
        {
          "type": "cssRules",
          "assetId": "ooG4i9ASaJV_",
          "checksum": "d4b5d942d365ae7dcff35dc14e535781"
        },
        {
          "type": "renderModule",
          "assetId": "KmsE4qL6krRi",
          "checksum": "4b0678958d2e0e8aab001d8d9d60ec3e"
        },
        {
          "type": "cssRules",
          "assetId": "KmsE4qL6krRi",
          "checksum": "4b0678958d2e0e8aab001d8d9d60ec3e"
        },
        {
          "type": "renderModule",
          "assetId": "F7Z9Aw6tb2mz",
          "checksum": "2884ab10b38055702ae540be0ae6ebd4"
        },
        {
          "type": "cssRules",
          "assetId": "F7Z9Aw6tb2mz",
          "checksum": "2884ab10b38055702ae540be0ae6ebd4"
        },
        {
          "type": "renderModule",
          "assetId": "d7A8OeTND0y3",
          "checksum": "523b59fcf41c2b88c6ce73f8411947e6"
        },
        {
          "type": "cssRules",
          "assetId": "d7A8OeTND0y3",
          "checksum": "523b59fcf41c2b88c6ce73f8411947e6"
        },
        {
          "type": "renderModule",
          "assetId": "dOg4A2ORVLmM",
          "checksum": "2cc30e92a7e9c7d8d279f904cd25579f"
        },
        {
          "type": "cssRules",
          "assetId": "dOg4A2ORVLmM",
          "checksum": "2cc30e92a7e9c7d8d279f904cd25579f"
        },
        {
          "type": "icon",
          "assetId": "38nirUr1Xn_o",
          "checksum": "1b1a1d87e65d1b0f8eccdd8770118824"
        },
        {
          "type": "icon",
          "assetId": "d6HoTekOjDVu",
          "checksum": "f8d6fe8de45e659cfa5298acb8a3d232"
        },
        {
          "type": "icon",
          "assetId": "zjjtEu3NGPec",
          "checksum": "2bdeadf56ad6e33a7dfb11101987c61a"
        },
        {
          "type": "icon",
          "assetId": "ZQr4zCcbEyuE",
          "checksum": "acb65e5cb98d4fe6f7668d11c558ad9f"
        },
        {
          "type": "icon",
          "assetId": "NtkUvYJ78YuM",
          "checksum": "76affa7bf46f2c47dd956fc071cddc0c"
        },
        {
          "type": "icon",
          "assetId": "ENDy7BfxT6N7",
          "checksum": "04405c3a4f5751b887eb73059b2c15cd"
        },
        {
          "type": "icon",
          "assetId": "0o5-XT9WkFIw",
          "checksum": "e16a91c0d6957598252c2a5319ace949"
        },
        {
          "type": "icon",
          "assetId": "pla5Euo0EJWa",
          "checksum": "cf292472705ff6d22fa9cd806441e71c"
        },
        {
          "type": "icon",
          "assetId": "RJ_g2ouQ_fG6",
          "checksum": "e98a59456d2ead9c36a0d389a5b3208a"
        },
        {
          "type": "icon",
          "assetId": "mx3np382g4vR",
          "checksum": "48eedea9fe34ebffdd8c84a23590b021"
        },
        {
          "type": "icon",
          "assetId": "DmvM2XYWvQo1",
          "checksum": "8424246e9b14a1400afd2691eb1fe2c0"
        },
        {
          "type": "icon",
          "assetId": "jQtS3YKVOVbT",
          "checksum": "af623280c3905b2bd8b431dc35d799f2"
        },
        {
          "type": "icon",
          "assetId": "uzH44exZA2l3",
          "checksum": "afa521e3a2dcb7ad8b3f58f0b2fde70f"
        },
        {
          "type": "icon",
          "assetId": "oj7Ij2ZLLkv_",
          "checksum": "d61fa16e92fc05bb6254f88dc106886d"
        },
        {
          "type": "icon",
          "assetId": "6QWUkgETh8Go",
          "checksum": "3de928edf423240e7d5468a4aa6f9e15"
        },
        {
          "type": "icon",
          "assetId": "j10yahaV94wR",
          "checksum": "6774be29c05ceeb63c8c45b78abb8e62"
        },
        {
          "type": "icon",
          "assetId": "hZRack8zqhIm",
          "checksum": "916095657f51c36317c60051835d8ad1"
        },
        {
          "type": "icon",
          "assetId": "gwjZEfFAJAC1",
          "checksum": "c96139740d91753a3aed68c345392b64"
        },
        {
          "type": "image",
          "assetId": "4sxAUZaEffhZ",
          "checksum": "23f8e20b332320cc298459decdd74096"
        },
        {
          "type": "image",
          "assetId": "dR9te9gXKLO8",
          "checksum": "87acd20a0a9de2812ecffdc5ca1385ea"
        },
        {
          "type": "image",
          "assetId": "v-45dLI1oKhw",
          "checksum": "70b4ec5c3ce879030ef8cbc57c52498e"
        },
        {
          "type": "image",
          "assetId": "3_U82wUkEfYl",
          "checksum": "f8280a33131b8066622255b5888e4a4e"
        },
        {
          "type": "image",
          "assetId": "yY8E08HYXqKN",
          "checksum": "f14acb64bc2b4d7037dc849c5c7f313e"
        },
        {
          "type": "image",
          "assetId": "QBIkJNW1uZiK",
          "checksum": "cd68f474ac48e55e589786955596e1af"
        },
        {
          "type": "image",
          "assetId": "v9hOBPDSC_9j",
          "checksum": "6d147fb28f37925b828c4cced73840d6"
        },
        {
          "type": "image",
          "assetId": "6j-r-ZCnMlaD",
          "checksum": "a15144d6e2a5191ee864903b8ff2d181"
        },
        {
          "type": "image",
          "assetId": "EMDQmHkmpcv4",
          "checksum": "a393aa85cab0cc5dbc75f55f89df892d"
        },
        {
          "type": "image",
          "assetId": "p0tXgOVyDc9w",
          "checksum": "9a1237348e3f17c3aee8443bc7487086"
        },
        {
          "type": "image",
          "assetId": "cr9i8DoWioeo",
          "checksum": "93c49a7809902e58696b102a921c9152"
        },
        {
          "type": "image",
          "assetId": "LC8CN1qvSZto",
          "checksum": "83c478923e6fd632cf55777fc16637fe"
        },
        {
          "type": "image",
          "assetId": "RAvVUyoatiuA",
          "checksum": "c388372c14e4ea430baad12776cacc88"
        },
        {
          "type": "image",
          "assetId": "6AF4JMon4wCj",
          "checksum": "e22065351ee1278993fd1171b1af1336"
        },
        {
          "type": "image",
          "assetId": "WSIOcc22LECJ",
          "checksum": "d295743ecb46808fb7fe149f1f0a40f0"
        },
        {
          "type": "image",
          "assetId": "_0rqjBZLAod2",
          "checksum": "b73129fd39f13dabdfa63be229ecacad"
        },
        {
          "type": "image",
          "assetId": "tERc2bVYNJEV",
          "checksum": "47c7635f012b6b7bcce63fb441cc4d14"
        },
        {
          "type": "image",
          "assetId": "OlOiqt6XdG9M",
          "checksum": "4e83ebc70281346472c64a09634f4a95"
        },
        {
          "type": "image",
          "assetId": "hiUkngkfn_wU",
          "checksum": "7df6c1cc33d9bafb86b6e74ffdba1550"
        },
        {
          "type": "image",
          "assetId": "nNRCGRwHZFhj",
          "checksum": "468cfe1152073ecbc5bde1d468dfcb54"
        },
        {
          "type": "image",
          "assetId": "NlzjjVhNaLGM",
          "checksum": "3001a3cc8cdbe223a13fef2a568cc078"
        },
        {
          "type": "image",
          "assetId": "j42c_UeVo48I",
          "checksum": "54edb598bf90bb7cf83021bfe5ffbbe8"
        },
        {
          "type": "image",
          "assetId": "zWWZG49OIULQ",
          "checksum": "ab038e35ad74a3874704add553a5e909"
        },
        {
          "type": "image",
          "assetId": "BsxEFj5iR7Ix",
          "checksum": "ce5732238b71c9679891cf7240f1d0ac"
        },
        {
          "type": "image",
          "assetId": "uhXtgN_G498X",
          "checksum": "78510ed0caf6604677864c64488b2cfd"
        },
        {
          "type": "image",
          "assetId": "UCWHQEWT56go",
          "checksum": "59534ad56a0ba39a3440173f343394e1"
        },
        {
          "type": "image",
          "assetId": "HM0IJMLGGTAQ",
          "checksum": "66b458a6f25f1441cd4e15398fc5deb4"
        }
      ],
      "codegenVersion": "0.0.1"
    }
  ],
  "cliVersion": "0.1.327"
}
