{
  "projects": [
    {
      "projectId": "jkU633o1Cz7HrJdwdxhVHk",
      "version": "16.7.0",
      "dependencies": {},
      "lang": "js",
      "fileLocks": [
        {
          "assetId": "jkU633o1Cz7HrJdwdxhVHk",
          "type": "projectCss",
          "checksum": "0581d4378bb1604bb5fe3f65bb0a37de"
        }
      ],
      "codegenVersion": "0.0.1"
    },
    {
      "projectId": "ohDidvG9XsCeFumugENU3J",
      "version": "6.20.0",
      "dependencies": {},
      "lang": "js",
      "fileLocks": [
        {
          "assetId": "ohDidvG9XsCeFumugENU3J",
          "type": "projectCss",
          "checksum": "fd83b730367fdbde2c69bc6cf31c2a3c"
        },
        {
          "assetId": "ohDidvG9XsCeFumugENU3J",
          "checksum": "de0a0e65174a6a185a8f822af51c6bdd",
          "type": "globalContexts"
        }
      ],
      "codegenVersion": "0.0.1"
    },
    {
      "projectId": "7nJ7UcFmq9UzB6eXfC5z4a",
      "version": "0.26.0",
      "dependencies": {},
      "lang": "js",
      "fileLocks": [
        {
          "assetId": "7nJ7UcFmq9UzB6eXfC5z4a",
          "type": "projectCss",
          "checksum": "05587b57f22f0ec8bb54543deb39762e"
        }
      ],
      "codegenVersion": "0.0.1"
    },
    {
      "projectId": "jLAKfZafnfzEvtQB4DYUAe",
      "version": "latest",
      "dependencies": {
        "7nJ7UcFmq9UzB6eXfC5z4a": "0.26.0"
      },
      "lang": "js",
      "fileLocks": [
        {
          "type": "globalVariant",
          "assetId": "a5g59frFLPM9",
          "checksum": "e65e30c50e40dc8942aa927b13f7a591"
        },
        {
          "type": "renderModule",
          "assetId": "WpgwKwM0a4FF",
          "checksum": "7cf6ccfca23e1ef920aecf4a0812af62"
        },
        {
          "type": "cssRules",
          "assetId": "WpgwKwM0a4FF",
          "checksum": "7cf6ccfca23e1ef920aecf4a0812af62"
        },
        {
          "type": "renderModule",
          "assetId": "gVGVMBx2x42k",
          "checksum": "af9aa69dcfd4eda92d39af5efc25a5c4"
        },
        {
          "type": "cssRules",
          "assetId": "gVGVMBx2x42k",
          "checksum": "af9aa69dcfd4eda92d39af5efc25a5c4"
        },
        {
          "type": "renderModule",
          "assetId": "Z2neU2nUq1Gm",
          "checksum": "72418c86870e9afa02eaf72558ed182f"
        },
        {
          "type": "cssRules",
          "assetId": "Z2neU2nUq1Gm",
          "checksum": "72418c86870e9afa02eaf72558ed182f"
        },
        {
          "type": "renderModule",
          "assetId": "1njYuUl2Bkl4",
          "checksum": "a8520c20dd122ce4f900f8518d99a7bd"
        },
        {
          "type": "cssRules",
          "assetId": "1njYuUl2Bkl4",
          "checksum": "a8520c20dd122ce4f900f8518d99a7bd"
        },
        {
          "type": "renderModule",
          "assetId": "iX_hwLn2J9ZA",
          "checksum": "77e1d99817db29deb4b14041fa87746e"
        },
        {
          "type": "cssRules",
          "assetId": "iX_hwLn2J9ZA",
          "checksum": "77e1d99817db29deb4b14041fa87746e"
        },
        {
          "type": "renderModule",
          "assetId": "1aQGdZ1qNHpm",
          "checksum": "6e5f755e3bb8fd5e717877f50bef6307"
        },
        {
          "type": "cssRules",
          "assetId": "1aQGdZ1qNHpm",
          "checksum": "6e5f755e3bb8fd5e717877f50bef6307"
        },
        {
          "type": "renderModule",
          "assetId": "hZLwAgKsGXbw",
          "checksum": "0826ca40ac3afd6dfcacbf51d9351a2b"
        },
        {
          "type": "cssRules",
          "assetId": "hZLwAgKsGXbw",
          "checksum": "0826ca40ac3afd6dfcacbf51d9351a2b"
        },
        {
          "type": "renderModule",
          "assetId": "mu2L8yYGzL8-",
          "checksum": "0c096a53ff28ab818b30bdad39e16d6d"
        },
        {
          "type": "cssRules",
          "assetId": "mu2L8yYGzL8-",
          "checksum": "0c096a53ff28ab818b30bdad39e16d6d"
        },
        {
          "type": "icon",
          "assetId": "BfHthm4w6k6-",
          "checksum": "3c536fbb7e4a6362d2f84f9ecb508e69"
        },
        {
          "type": "icon",
          "assetId": "CvIWnVVvDdfs",
          "checksum": "b26d53d5ec2095319a9bfa5f49cc7280"
        },
        {
          "type": "icon",
          "assetId": "LsAEZXbbm3PS",
          "checksum": "1eba1579774a657ef684874599f6c8f5"
        },
        {
          "type": "icon",
          "assetId": "49ptUx2GSMre",
          "checksum": "f43c1aed30e7c72b1bca18ce624129d3"
        },
        {
          "type": "icon",
          "assetId": "JJu-Y6RBDvZ6",
          "checksum": "2fe35a363a67db982ea3c27893d8ec92"
        },
        {
          "type": "icon",
          "assetId": "yXVfo5Ix7I8m",
          "checksum": "dc999955126ced50b27216d5760ee540"
        },
        {
          "type": "icon",
          "assetId": "coBr4qI6Exwk",
          "checksum": "490921b9690c9e4875345d25c308da0b"
        },
        {
          "type": "icon",
          "assetId": "Fb3JLvru_IRv",
          "checksum": "7e397dae2d9418e37e939e35cd213959"
        },
        {
          "type": "icon",
          "assetId": "ubqOACQ85DMe",
          "checksum": "3ee376b8aa1ef9d7b790bbd5449f492f"
        },
        {
          "type": "icon",
          "assetId": "AZR4YB8UrZHT",
          "checksum": "a79a2fb613b7bfa771c00ebb239c1eb7"
        },
        {
          "type": "icon",
          "assetId": "TnOWnr5N3RST",
          "checksum": "c3ced200f4e5e76263c4adf9d1f58b95"
        },
        {
          "type": "icon",
          "assetId": "BeXoQCKWXq48",
          "checksum": "ccbf5163a6f3013f65f218f14734e2e9"
        },
        {
          "type": "icon",
          "assetId": "NawWQgBxau5k",
          "checksum": "75f638b3fcf4ada0a53f40a20fb0c54c"
        },
        {
          "type": "icon",
          "assetId": "Q0DN3XpTdhxZ",
          "checksum": "f424ae3be3996c41d38dc460268307b1"
        },
        {
          "type": "image",
          "assetId": "Kc2IBCENpXLv",
          "checksum": "0098b76a0e22584ce1c4d7302c895057"
        },
        {
          "type": "image",
          "assetId": "BRplIj3hCgLl",
          "checksum": "8e682f67871490551b4f230b6015ea41"
        },
        {
          "type": "image",
          "assetId": "NaFLhtOh65ag",
          "checksum": "6c55b90bd6bf8875db6df31612186f64"
        },
        {
          "type": "image",
          "assetId": "df9N2nOpnYIG",
          "checksum": "c715e9c5f2fb1b4024417d783882674d"
        },
        {
          "type": "image",
          "assetId": "klCTGEQDnSzY",
          "checksum": "034dfa27693c7cc77c66417c25d56dd9"
        },
        {
          "type": "image",
          "assetId": "nOcNHTX42pD6",
          "checksum": "65a429aa1930c473a333558e342d3d22"
        },
        {
          "type": "image",
          "assetId": "3QNIQlMcPkkF",
          "checksum": "153b56764eb48316f2c2afa87246b427"
        },
        {
          "type": "image",
          "assetId": "CobVafZDLuG3",
          "checksum": "fa5bd9eba9d491e7a5b590233b27061b"
        },
        {
          "type": "image",
          "assetId": "ShjWnTN3kIK0",
          "checksum": "4b11757797544b84151a48153a15ff8a"
        },
        {
          "type": "image",
          "assetId": "guRcc5Qr1-Kp",
          "checksum": "45c4fe0311177a2cab87f18a486e4f22"
        },
        {
          "type": "image",
          "assetId": "mhuQjphXFDIJ",
          "checksum": "2c476f6b1bc3206d2c1e5bc0d7eee80c"
        },
        {
          "type": "image",
          "assetId": "X_tm80nd5DsJ",
          "checksum": "3dbee64f5ed83f08eda4c2fbe3767fc4"
        },
        {
          "type": "image",
          "assetId": "YtekjRqoHnvY",
          "checksum": "7f46f8fa5b028646d3c983bce1323367"
        },
        {
          "type": "image",
          "assetId": "QLOeqFK8Nnw7",
          "checksum": "bf9cb9c25ee49f349dbed71078c8b179"
        },
        {
          "type": "image",
          "assetId": "pB514osSLyHX",
          "checksum": "22c918857f884379489b2764daf7ea0d"
        },
        {
          "type": "image",
          "assetId": "Y-qTqFEQUI6U",
          "checksum": "9f667442b27a31c77e41eb6fc90a545f"
        },
        {
          "type": "image",
          "assetId": "LYf9WHe2gIJX",
          "checksum": "febcc2c3fc2e427ef63a093c246e84cb"
        },
        {
          "type": "image",
          "assetId": "O1y09w2j47A2",
          "checksum": "e355a124a96065f3dcd8cc95432b188e"
        },
        {
          "type": "image",
          "assetId": "TZnojLlMBJFB",
          "checksum": "d80457ef6a8d89719c0c72a836762b22"
        },
        {
          "type": "image",
          "assetId": "__rHoOSPRaso",
          "checksum": "6a3426ba0e7e7bcefd53f1c5377a1afb"
        },
        {
          "type": "image",
          "assetId": "NlGQEKFEKDkW",
          "checksum": "4d53fafa4734c83cf9358594161f4fa3"
        },
        {
          "type": "image",
          "assetId": "ogKKx8Iky9ZX",
          "checksum": "9ed861b494162779ed68a39968b3e1a0"
        },
        {
          "type": "image",
          "assetId": "mmGy47_zIw9g",
          "checksum": "dacdaa2dc2641b2589cfb95ab86422d5"
        },
        {
          "type": "image",
          "assetId": "nLJpUYeRskWO",
          "checksum": "a4ad8290b45551f223374189ceebc909"
        },
        {
          "type": "image",
          "assetId": "_QkP1rmF3jSu",
          "checksum": "328d5b98cb54087eac0949b1a90fa800"
        },
        {
          "type": "image",
          "assetId": "cPKTYpAU5crC",
          "checksum": "bf71697ba7e4cca70089a15986d5f622"
        },
        {
          "type": "image",
          "assetId": "CgAiptzVNYGN",
          "checksum": "1b424706757a9af239f2f15853442bf8"
        },
        {
          "type": "image",
          "assetId": "stCZ851k0kX6",
          "checksum": "3e4200ca1c77b1b38483ac2cbc679b3d"
        },
        {
          "type": "image",
          "assetId": "yE1FaGURwAqR",
          "checksum": "253b5ec4764a8177d23f9b96447e2093"
        },
        {
          "type": "image",
          "assetId": "TVpxeyU2U_pX",
          "checksum": "4f9d58b9f2d2ff6e7910c551af1ccc55"
        },
        {
          "type": "image",
          "assetId": "VooQL_jomiYd",
          "checksum": "52d5cebb513f61960054e33eb19071a3"
        },
        {
          "type": "image",
          "assetId": "D5XrLUgAJRGP",
          "checksum": "4bc636277a3de60594d7992757e4e218"
        },
        {
          "type": "image",
          "assetId": "HvE2LC-mUHMs",
          "checksum": "7e2f913c024950a4d73b9d8740250889"
        },
        {
          "type": "image",
          "assetId": "oL6ew7CdkSxy",
          "checksum": "1c16f80f4b757f435d076afa13e45a96"
        },
        {
          "type": "image",
          "assetId": "twZjpD2GsiaV",
          "checksum": "0280d7d87235c66455dfbe0fc7ad4268"
        },
        {
          "type": "image",
          "assetId": "RtK6g46Imr6o",
          "checksum": "bfdfed9e673b7dd54756cb1f5142bfa1"
        },
        {
          "type": "image",
          "assetId": "Jqk5iupQzwCO",
          "checksum": "b71c6f3f344addfa5eb782d782b87796"
        },
        {
          "type": "image",
          "assetId": "fG_wkh4FGHVl",
          "checksum": "a8797b169a46bf846a59fca831a2f5b7"
        },
        {
          "type": "image",
          "assetId": "NHkSxCjzvc5N",
          "checksum": "693e67bb42ec552664389781bdfd6203"
        },
        {
          "type": "image",
          "assetId": "RBvuQQ3uWze7",
          "checksum": "c5e776dc31b9da97ff915fe9d40afde9"
        },
        {
          "type": "image",
          "assetId": "FDH4KQA-77LD",
          "checksum": "7f5c12794aea607599dfbe573ffd401b"
        },
        {
          "type": "image",
          "assetId": "ssXR0SjgHW0h",
          "checksum": "9d00975ddc58d7dbeafbfcd5cc21beae"
        },
        {
          "type": "image",
          "assetId": "uuOzgubCN3fV",
          "checksum": "3f74d54ca1ade7934970c8a98f13500f"
        },
        {
          "type": "image",
          "assetId": "GN3DPcMFC7vh",
          "checksum": "ebd009265f81d15f9140de11b8687047"
        },
        {
          "assetId": "jLAKfZafnfzEvtQB4DYUAe",
          "type": "projectCss",
          "checksum": "461a4a776c3ce585f1afca377413c71d"
        }
      ],
      "codegenVersion": "0.0.1"
    }
  ],
  "cliVersion": "0.1.327"
}
